// !$*UTF8*$!
{
	archiveVersion = 1;
	classes = {
	};
	objectVersion = 46;
	objects = {

/* Begin PBXBuildFile section */
		0E4C995C173DB127008DE51B /* cardBack.png in Resources */ = {isa = PBXBuildFile; fileRef = 0E4C995B173DB127008DE51B /* cardBack.png */; };
		0E4C995E173DB186008DE51B /* cardBack.jpg in Resources */ = {isa = PBXBuildFile; fileRef = 0E4C995D173DB186008DE51B /* cardBack.jpg */; };
		0E72A77A1721E99500CF5F1C /* UIKit.framework in Frameworks */ = {isa = PBXBuildFile; fileRef = 0E72A7791721E99500CF5F1C /* UIKit.framework */; };
		0E72A77C1721E99500CF5F1C /* Foundation.framework in Frameworks */ = {isa = PBXBuildFile; fileRef = 0E72A77B1721E99500CF5F1C /* Foundation.framework */; };
		0E72A77E1721E99500CF5F1C /* CoreGraphics.framework in Frameworks */ = {isa = PBXBuildFile; fileRef = 0E72A77D1721E99500CF5F1C /* CoreGraphics.framework */; };
		0E72A7841721E99500CF5F1C /* InfoPlist.strings in Resources */ = {isa = PBXBuildFile; fileRef = 0E72A7821721E99500CF5F1C /* InfoPlist.strings */; };
		0E72A7861721E99500CF5F1C /* main.m in Sources */ = {isa = PBXBuildFile; fileRef = 0E72A7851721E99500CF5F1C /* main.m */; };
		0E72A78A1721E99500CF5F1C /* CardGameAppDelegate.m in Sources */ = {isa = PBXBuildFile; fileRef = 0E72A7891721E99500CF5F1C /* CardGameAppDelegate.m */; };
		0E72A78C1721E99500CF5F1C /* Default.png in Resources */ = {isa = PBXBuildFile; fileRef = 0E72A78B1721E99500CF5F1C /* Default.png */; };
		0E72A78E1721E99500CF5F1C /* Default@2x.png in Resources */ = {isa = PBXBuildFile; fileRef = 0E72A78D1721E99500CF5F1C /* Default@2x.png */; };
		0E72A7901721E99500CF5F1C /* Default-568h@2x.png in Resources */ = {isa = PBXBuildFile; fileRef = 0E72A78F1721E99500CF5F1C /* Default-568h@2x.png */; };
		0E72A7931721E99500CF5F1C /* MainStoryboard.storyboard in Resources */ = {isa = PBXBuildFile; fileRef = 0E72A7911721E99500CF5F1C /* MainStoryboard.storyboard */; };
		0E72A7961721E99500CF5F1C /* CardGameViewController.m in Sources */ = {isa = PBXBuildFile; fileRef = 0E72A7951721E99500CF5F1C /* CardGameViewController.m */; };
		0EC3FF4E17282B61004C90C8 /* Card.m in Sources */ = {isa = PBXBuildFile; fileRef = 0EC3FF4D17282B61004C90C8 /* Card.m */; };
		0EC3FF5517282C4C004C90C8 /* Deck.m in Sources */ = {isa = PBXBuildFile; fileRef = 0EC3FF5417282C4C004C90C8 /* Deck.m */; };
		0EC3FF5817282CAB004C90C8 /* PlayingCard.m in Sources */ = {isa = PBXBuildFile; fileRef = 0EC3FF5717282CAB004C90C8 /* PlayingCard.m */; };
		0EC3FF5B17282CEC004C90C8 /* PlayingCardDeck.m in Sources */ = {isa = PBXBuildFile; fileRef = 0EC3FF5A17282CEC004C90C8 /* PlayingCardDeck.m */; };
		0ECAA6E617419A9700115AAE /* CardMatchingGame.m in Sources */ = {isa = PBXBuildFile; fileRef = 0ECAA6E517419A9700115AAE /* CardMatchingGame.m */; };
/* End PBXBuildFile section */

/* Begin PBXFileReference section */
		0E4C995B173DB127008DE51B /* cardBack.png */ = {isa = PBXFileReference; lastKnownFileType = image.png; path = cardBack.png; sourceTree = "<group>"; };
		0E4C995D173DB186008DE51B /* cardBack.jpg */ = {isa = PBXFileReference; lastKnownFileType = image.jpeg; path = cardBack.jpg; sourceTree = "<group>"; };
		0E72A7761721E99500CF5F1C /* Marchismo.app */ = {isa = PBXFileReference; explicitFileType = wrapper.application; includeInIndex = 0; path = Marchismo.app; sourceTree = BUILT_PRODUCTS_DIR; };
		0E72A7791721E99500CF5F1C /* UIKit.framework */ = {isa = PBXFileReference; lastKnownFileType = wrapper.framework; name = UIKit.framework; path = System/Library/Frameworks/UIKit.framework; sourceTree = SDKROOT; };
		0E72A77B1721E99500CF5F1C /* Foundation.framework */ = {isa = PBXFileReference; lastKnownFileType = wrapper.framework; name = Foundation.framework; path = System/Library/Frameworks/Foundation.framework; sourceTree = SDKROOT; };
		0E72A77D1721E99500CF5F1C /* CoreGraphics.framework */ = {isa = PBXFileReference; lastKnownFileType = wrapper.framework; name = CoreGraphics.framework; path = System/Library/Frameworks/CoreGraphics.framework; sourceTree = SDKROOT; };
		0E72A7811721E99500CF5F1C /* Marchismo-Info.plist */ = {isa = PBXFileReference; lastKnownFileType = text.plist.xml; path = "Marchismo-Info.plist"; sourceTree = "<group>"; };
		0E72A7831721E99500CF5F1C /* en */ = {isa = PBXFileReference; lastKnownFileType = text.plist.strings; name = en; path = en.lproj/InfoPlist.strings; sourceTree = "<group>"; };
		0E72A7851721E99500CF5F1C /* main.m */ = {isa = PBXFileReference; lastKnownFileType = sourcecode.c.objc; path = main.m; sourceTree = "<group>"; };
		0E72A7871721E99500CF5F1C /* Marchismo-Prefix.pch */ = {isa = PBXFileReference; lastKnownFileType = sourcecode.c.h; path = "Marchismo-Prefix.pch"; sourceTree = "<group>"; };
		0E72A7881721E99500CF5F1C /* CardGameAppDelegate.h */ = {isa = PBXFileReference; lastKnownFileType = sourcecode.c.h; path = CardGameAppDelegate.h; sourceTree = "<group>"; };
		0E72A7891721E99500CF5F1C /* CardGameAppDelegate.m */ = {isa = PBXFileReference; lastKnownFileType = sourcecode.c.objc; path = CardGameAppDelegate.m; sourceTree = "<group>"; };
		0E72A78B1721E99500CF5F1C /* Default.png */ = {isa = PBXFileReference; lastKnownFileType = image.png; path = Default.png; sourceTree = "<group>"; };
		0E72A78D1721E99500CF5F1C /* Default@2x.png */ = {isa = PBXFileReference; lastKnownFileType = image.png; path = "Default@2x.png"; sourceTree = "<group>"; };
		0E72A78F1721E99500CF5F1C /* Default-568h@2x.png */ = {isa = PBXFileReference; lastKnownFileType = image.png; path = "Default-568h@2x.png"; sourceTree = "<group>"; };
		0E72A7921721E99500CF5F1C /* en */ = {isa = PBXFileReference; lastKnownFileType = file.storyboard; name = en; path = en.lproj/MainStoryboard.storyboard; sourceTree = "<group>"; };
		0E72A7941721E99500CF5F1C /* CardGameViewController.h */ = {isa = PBXFileReference; lastKnownFileType = sourcecode.c.h; path = CardGameViewController.h; sourceTree = "<group>"; };
		0E72A7951721E99500CF5F1C /* CardGameViewController.m */ = {isa = PBXFileReference; lastKnownFileType = sourcecode.c.objc; path = CardGameViewController.m; sourceTree = "<group>"; };
		0EC3FF4C17282B61004C90C8 /* Card.h */ = {isa = PBXFileReference; fileEncoding = 4; lastKnownFileType = sourcecode.c.h; name = Card.h; path = Model/Card.h; sourceTree = "<group>"; };
		0EC3FF4D17282B61004C90C8 /* Card.m */ = {isa = PBXFileReference; fileEncoding = 4; lastKnownFileType = sourcecode.c.objc; name = Card.m; path = Model/Card.m; sourceTree = "<group>"; };
		0EC3FF5317282C4C004C90C8 /* Deck.h */ = {isa = PBXFileReference; fileEncoding = 4; lastKnownFileType = sourcecode.c.h; name = Deck.h; path = Model/Deck.h; sourceTree = "<group>"; };
		0EC3FF5417282C4C004C90C8 /* Deck.m */ = {isa = PBXFileReference; fileEncoding = 4; lastKnownFileType = sourcecode.c.objc; name = Deck.m; path = Model/Deck.m; sourceTree = "<group>"; };
		0EC3FF5617282CAB004C90C8 /* PlayingCard.h */ = {isa = PBXFileReference; fileEncoding = 4; lastKnownFileType = sourcecode.c.h; name = PlayingCard.h; path = Model/PlayingCard.h; sourceTree = "<group>"; };
		0EC3FF5717282CAB004C90C8 /* PlayingCard.m */ = {isa = PBXFileReference; fileEncoding = 4; lastKnownFileType = sourcecode.c.objc; name = PlayingCard.m; path = Model/PlayingCard.m; sourceTree = "<group>"; };
		0EC3FF5917282CEC004C90C8 /* PlayingCardDeck.h */ = {isa = PBXFileReference; fileEncoding = 4; lastKnownFileType = sourcecode.c.h; name = PlayingCardDeck.h; path = Model/PlayingCardDeck.h; sourceTree = "<group>"; };
		0EC3FF5A17282CEC004C90C8 /* PlayingCardDeck.m */ = {isa = PBXFileReference; fileEncoding = 4; lastKnownFileType = sourcecode.c.objc; name = PlayingCardDeck.m; path = Model/PlayingCardDeck.m; sourceTree = "<group>"; };
		0ECAA6E417419A9700115AAE /* CardMatchingGame.h */ = {isa = PBXFileReference; fileEncoding = 4; lastKnownFileType = sourcecode.c.h; name = CardMatchingGame.h; path = Model/CardMatchingGame.h; sourceTree = "<group>"; };
		0ECAA6E517419A9700115AAE /* CardMatchingGame.m */ = {isa = PBXFileReference; fileEncoding = 4; lastKnownFileType = sourcecode.c.objc; name = CardMatchingGame.m; path = Model/CardMatchingGame.m; sourceTree = "<group>"; };
/* End PBXFileReference section */

/* Begin PBXFrameworksBuildPhase section */
		0E72A7731721E99500CF5F1C /* Frameworks */ = {
			isa = PBXFrameworksBuildPhase;
			buildActionMask = 2147483647;
			files = (
				0E72A77A1721E99500CF5F1C /* UIKit.framework in Frameworks */,
				0E72A77C1721E99500CF5F1C /* Foundation.framework in Frameworks */,
				0E72A77E1721E99500CF5F1C /* CoreGraphics.framework in Frameworks */,
			);
			runOnlyForDeploymentPostprocessing = 0;
		};
/* End PBXFrameworksBuildPhase section */

/* Begin PBXGroup section */
		0E72A76D1721E99500CF5F1C = {
			isa = PBXGroup;
			children = (
				0E72A77F1721E99500CF5F1C /* Marchismo */,
				0E72A7781721E99500CF5F1C /* Frameworks */,
				0E72A7771721E99500CF5F1C /* Products */,
			);
			sourceTree = "<group>";
		};
		0E72A7771721E99500CF5F1C /* Products */ = {
			isa = PBXGroup;
			children = (
				0E72A7761721E99500CF5F1C /* Marchismo.app */,
			);
			name = Products;
			sourceTree = "<group>";
		};
		0E72A7781721E99500CF5F1C /* Frameworks */ = {
			isa = PBXGroup;
			children = (
				0E72A7791721E99500CF5F1C /* UIKit.framework */,
				0E72A77B1721E99500CF5F1C /* Foundation.framework */,
				0E72A77D1721E99500CF5F1C /* CoreGraphics.framework */,
			);
			name = Frameworks;
			sourceTree = "<group>";
		};
		0E72A77F1721E99500CF5F1C /* Marchismo */ = {
			isa = PBXGroup;
			children = (
				0E72A7911721E99500CF5F1C /* MainStoryboard.storyboard */,
				0EC3FF4F17282BD5004C90C8 /* Model */,
				0E72A7941721E99500CF5F1C /* CardGameViewController.h */,
				0E72A7951721E99500CF5F1C /* CardGameViewController.m */,
				0E72A7801721E99500CF5F1C /* Supporting Files */,
			);
			path = Marchismo;
			sourceTree = "<group>";
		};
		0E72A7801721E99500CF5F1C /* Supporting Files */ = {
			isa = PBXGroup;
			children = (
				0E72A7881721E99500CF5F1C /* CardGameAppDelegate.h */,
				0E72A7891721E99500CF5F1C /* CardGameAppDelegate.m */,
				0E4C995D173DB186008DE51B /* cardBack.jpg */,
				0E72A7811721E99500CF5F1C /* Marchismo-Info.plist */,
				0E72A7821721E99500CF5F1C /* InfoPlist.strings */,
				0E72A7851721E99500CF5F1C /* main.m */,
				0E72A7871721E99500CF5F1C /* Marchismo-Prefix.pch */,
				0E72A78B1721E99500CF5F1C /* Default.png */,
				0E4C995B173DB127008DE51B /* cardBack.png */,
				0E72A78D1721E99500CF5F1C /* Default@2x.png */,
				0E72A78F1721E99500CF5F1C /* Default-568h@2x.png */,
			);
			name = "Supporting Files";
			sourceTree = "<group>";
		};
		0EC3FF4F17282BD5004C90C8 /* Model */ = {
			isa = PBXGroup;
			children = (
				0ECAA6E417419A9700115AAE /* CardMatchingGame.h */,
				0ECAA6E517419A9700115AAE /* CardMatchingGame.m */,
				0EC3FF5317282C4C004C90C8 /* Deck.h */,
				0EC3FF5417282C4C004C90C8 /* Deck.m */,
				0EC3FF5617282CAB004C90C8 /* PlayingCard.h */,
				0EC3FF5717282CAB004C90C8 /* PlayingCard.m */,
				0EC3FF5917282CEC004C90C8 /* PlayingCardDeck.h */,
				0EC3FF5A17282CEC004C90C8 /* PlayingCardDeck.m */,
				0EC3FF4C17282B61004C90C8 /* Card.h */,
				0EC3FF4D17282B61004C90C8 /* Card.m */,
			);
			name = Model;
			sourceTree = "<group>";
		};
/* End PBXGroup section */

/* Begin PBXNativeTarget section */
		0E72A7751721E99500CF5F1C /* Marchismo */ = {
			isa = PBXNativeTarget;
			buildConfigurationList = 0E72A7991721E99500CF5F1C /* Build configuration list for PBXNativeTarget "Marchismo" */;
			buildPhases = (
				0E72A7721721E99500CF5F1C /* Sources */,
				0E72A7731721E99500CF5F1C /* Frameworks */,
				0E72A7741721E99500CF5F1C /* Resources */,
			);
			buildRules = (
			);
			dependencies = (
			);
			name = Marchismo;
			productName = Marchismo;
			productReference = 0E72A7761721E99500CF5F1C /* Marchismo.app */;
			productType = "com.apple.product-type.application";
		};
/* End PBXNativeTarget section */

/* Begin PBXProject section */
		0E72A76E1721E99500CF5F1C /* Project object */ = {
			isa = PBXProject;
			attributes = {
				CLASSPREFIX = CardGame;
				LastUpgradeCheck = 0460;
				ORGANIZATIONNAME = NativeX;
			};
			buildConfigurationList = 0E72A7711721E99500CF5F1C /* Build configuration list for PBXProject "Marchismo" */;
			compatibilityVersion = "Xcode 3.2";
			developmentRegion = English;
			hasScannedForEncodings = 0;
			knownRegions = (
				en,
			);
			mainGroup = 0E72A76D1721E99500CF5F1C;
			productRefGroup = 0E72A7771721E99500CF5F1C /* Products */;
			projectDirPath = "";
			projectRoot = "";
			targets = (
				0E72A7751721E99500CF5F1C /* Marchismo */,
			);
		};
/* End PBXProject section */

/* Begin PBXResourcesBuildPhase section */
		0E72A7741721E99500CF5F1C /* Resources */ = {
			isa = PBXResourcesBuildPhase;
			buildActionMask = 2147483647;
			files = (
				0E72A7841721E99500CF5F1C /* InfoPlist.strings in Resources */,
				0E72A78C1721E99500CF5F1C /* Default.png in Resources */,
				0E72A78E1721E99500CF5F1C /* Default@2x.png in Resources */,
				0E72A7901721E99500CF5F1C /* Default-568h@2x.png in Resources */,
				0E72A7931721E99500CF5F1C /* MainStoryboard.storyboard in Resources */,
				0E4C995C173DB127008DE51B /* cardBack.png in Resources */,
				0E4C995E173DB186008DE51B /* cardBack.jpg in Resources */,
			);
			runOnlyForDeploymentPostprocessing = 0;
		};
/* End PBXResourcesBuildPhase section */

/* Begin PBXSourcesBuildPhase section */
		0E72A7721721E99500CF5F1C /* Sources */ = {
			isa = PBXSourcesBuildPhase;
			buildActionMask = 2147483647;
			files = (
				0E72A7861721E99500CF5F1C /* main.m in Sources */,
				0E72A78A1721E99500CF5F1C /* CardGameAppDelegate.m in Sources */,
				0E72A7961721E99500CF5F1C /* CardGameViewController.m in Sources */,
				0EC3FF4E17282B61004C90C8 /* Card.m in Sources */,
				0EC3FF5517282C4C004C90C8 /* Deck.m in Sources */,
				0EC3FF5817282CAB004C90C8 /* PlayingCard.m in Sources */,
				0EC3FF5B17282CEC004C90C8 /* PlayingCardDeck.m in Sources */,
				0ECAA6E617419A9700115AAE /* CardMatchingGame.m in Sources */,
			);
			runOnlyForDeploymentPostprocessing = 0;
		};
/* End PBXSourcesBuildPhase section */

/* Begin PBXVariantGroup section */
		0E72A7821721E99500CF5F1C /* InfoPlist.strings */ = {
			isa = PBXVariantGroup;
			children = (
				0E72A7831721E99500CF5F1C /* en */,
			);
			name = InfoPlist.strings;
			sourceTree = "<group>";
		};
		0E72A7911721E99500CF5F1C /* MainStoryboard.storyboard */ = {
			isa = PBXVariantGroup;
			children = (
				0E72A7921721E99500CF5F1C /* en */,
			);
			name = MainStoryboard.storyboard;
			sourceTree = "<group>";
		};
/* End PBXVariantGroup section */

/* Begin XCBuildConfiguration section */
		0E72A7971721E99500CF5F1C /* Debug */ = {
			isa = XCBuildConfiguration;
			buildSettings = {
				ALWAYS_SEARCH_USER_PATHS = NO;
				CLANG_CXX_LANGUAGE_STANDARD = "gnu++0x";
				CLANG_CXX_LIBRARY = "libc++";
				CLANG_ENABLE_OBJC_ARC = YES;
				CLANG_WARN_CONSTANT_CONVERSION = YES;
				CLANG_WARN_EMPTY_BODY = YES;
				CLANG_WARN_ENUM_CONVERSION = YES;
				CLANG_WARN_INT_CONVERSION = YES;
				CLANG_WARN__DUPLICATE_METHOD_MATCH = YES;
				"CODE_SIGN_IDENTITY[sdk=iphoneos*]" = "iPhone Developer";
				COPY_PHASE_STRIP = NO;
				GCC_C_LANGUAGE_STANDARD = gnu99;
				GCC_DYNAMIC_NO_PIC = NO;
				GCC_OPTIMIZATION_LEVEL = 0;
				GCC_PREPROCESSOR_DEFINITIONS = (
					"DEBUG=1",
					"$(inherited)",
				);
				GCC_SYMBOLS_PRIVATE_EXTERN = NO;
				GCC_WARN_ABOUT_RETURN_TYPE = YES;
				GCC_WARN_UNINITIALIZED_AUTOS = YES;
				GCC_WARN_UNUSED_VARIABLE = YES;
				IPHONEOS_DEPLOYMENT_TARGET = 6.1;
				ONLY_ACTIVE_ARCH = YES;
				SDKROOT = iphoneos;
			};
			name = Debug;
		};
		0E72A7981721E99500CF5F1C /* Release */ = {
			isa = XCBuildConfiguration;
			buildSettings = {
				ALWAYS_SEARCH_USER_PATHS = NO;
				CLANG_CXX_LANGUAGE_STANDARD = "gnu++0x";
				CLANG_CXX_LIBRARY = "libc++";
				CLANG_ENABLE_OBJC_ARC = YES;
				CLANG_WARN_CONSTANT_CONVERSION = YES;
				CLANG_WARN_EMPTY_BODY = YES;
				CLANG_WARN_ENUM_CONVERSION = YES;
				CLANG_WARN_INT_CONVERSION = YES;
				CLANG_WARN__DUPLICATE_METHOD_MATCH = YES;
				"CODE_SIGN_IDENTITY[sdk=iphoneos*]" = "iPhone Developer";
				COPY_PHASE_STRIP = YES;
				GCC_C_LANGUAGE_STANDARD = gnu99;
				GCC_WARN_ABOUT_RETURN_TYPE = YES;
				GCC_WARN_UNINITIALIZED_AUTOS = YES;
				GCC_WARN_UNUSED_VARIABLE = YES;
				IPHONEOS_DEPLOYMENT_TARGET = 6.1;
				OTHER_CFLAGS = "-DNS_BLOCK_ASSERTIONS=1";
				SDKROOT = iphoneos;
				VALIDATE_PRODUCT = YES;
			};
			name = Release;
		};
		0E72A79A1721E99500CF5F1C /* Debug */ = {
			isa = XCBuildConfiguration;
			buildSettings = {
				GCC_PRECOMPILE_PREFIX_HEADER = YES;
				GCC_PREFIX_HEADER = "Marchismo/Marchismo-Prefix.pch";
				INFOPLIST_FILE = "Marchismo/Marchismo-Info.plist";
				PRODUCT_NAME = "$(TARGET_NAME)";
				WRAPPER_EXTENSION = app;
			};
			name = Debug;
		};
		0E72A79B1721E99500CF5F1C /* Release */ = {
			isa = XCBuildConfiguration;
			buildSettings = {
				GCC_PRECOMPILE_PREFIX_HEADER = YES;
				GCC_PREFIX_HEADER = "Marchismo/Marchismo-Prefix.pch";
				INFOPLIST_FILE = "Marchismo/Marchismo-Info.plist";
				PRODUCT_NAME = "$(TARGET_NAME)";
				WRAPPER_EXTENSION = app;
			};
			name = Release;
		};
/* End XCBuildConfiguration section */

/* Begin XCConfigurationList section */
		0E72A7711721E99500CF5F1C /* Build configuration list for PBXProject "Marchismo" */ = {
			isa = XCConfigurationList;
			buildConfigurations = (
				0E72A7971721E99500CF5F1C /* Debug */,
				0E72A7981721E99500CF5F1C /* Release */,
			);
			defaultConfigurationIsVisible = 0;
			defaultConfigurationName = Release;
		};
		0E72A7991721E99500CF5F1C /* Build configuration list for PBXNativeTarget "Marchismo" */ = {
			isa = XCConfigurationList;
			buildConfigurations = (
				0E72A79A1721E99500CF5F1C /* Debug */,
				0E72A79B1721E99500CF5F1C /* Release */,
			);
			defaultConfigurationIsVisible = 0;
			defaultConfigurationName = Release;
		};
/* End XCConfigurationList section */
	};
	rootObject = 0E72A76E1721E99500CF5F1C /* Project object */;
}
